// !$*UTF8*$!
{
	archiveVersion = 1;
	classes = {
	};
	objectVersion = 46;
	objects = {

/* Begin PBXBuildFile section */
		F82B9F781F0A1FA300175E64 /* main.cpp in Sources */ = {isa = PBXBuildFile; fileRef = F82B9F771F0A1FA300175E64 /* main.cpp */; };
		F82B9F831F0A1FDC00175E64 /* glad.c in Sources */ = {isa = PBXBuildFile; fileRef = F82B9F821F0A1FDC00175E64 /* glad.c */; };
		F82B9F861F0A201500175E64 /* OpenGL.framework in Frameworks */ = {isa = PBXBuildFile; fileRef = F82B9F851F0A201500175E64 /* OpenGL.framework */; };
		F82B9F881F0A205500175E64 /* libglfw.3.2.dylib in Frameworks */ = {isa = PBXBuildFile; fileRef = F82B9F871F0A205500175E64 /* libglfw.3.2.dylib */; };
/* End PBXBuildFile section */

/* Begin PBXCopyFilesBuildPhase section */
		F82B9F721F0A1FA300175E64 /* CopyFiles */ = {
			isa = PBXCopyFilesBuildPhase;
			buildActionMask = 2147483647;
			dstPath = /usr/share/man/man1/;
			dstSubfolderSpec = 0;
			files = (
			);
			runOnlyForDeploymentPostprocessing = 1;
		};
/* End PBXCopyFilesBuildPhase section */

/* Begin PBXFileReference section */
		F82B9F741F0A1FA300175E64 /* Example */ = {isa = PBXFileReference; explicitFileType = "compiled.mach-o.executable"; includeInIndex = 0; path = Example; sourceTree = BUILT_PRODUCTS_DIR; };
		F82B9F771F0A1FA300175E64 /* main.cpp */ = {isa = PBXFileReference; lastKnownFileType = sourcecode.cpp.cpp; path = main.cpp; sourceTree = "<group>"; };
		F82B9F801F0A1FD600175E64 /* glad.h */ = {isa = PBXFileReference; lastKnownFileType = sourcecode.c.h; path = glad.h; sourceTree = "<group>"; };
		F82B9F811F0A1FD600175E64 /* khrplatform.h */ = {isa = PBXFileReference; lastKnownFileType = sourcecode.c.h; path = khrplatform.h; sourceTree = "<group>"; };
		F82B9F821F0A1FDC00175E64 /* glad.c */ = {isa = PBXFileReference; fileEncoding = 4; lastKnownFileType = sourcecode.c.c; path = glad.c; sourceTree = "<group>"; };
		F82B9F851F0A201500175E64 /* OpenGL.framework */ = {isa = PBXFileReference; lastKnownFileType = wrapper.framework; name = OpenGL.framework; path = System/Library/Frameworks/OpenGL.framework; sourceTree = SDKROOT; };
		F82B9F871F0A205500175E64 /* libglfw.3.2.dylib */ = {isa = PBXFileReference; lastKnownFileType = "compiled.mach-o.dylib"; name = libglfw.3.2.dylib; path = ../../../../../../usr/local/Cellar/glfw/3.2.1/lib/libglfw.3.2.dylib; sourceTree = "<group>"; };
/* End PBXFileReference section */

/* Begin PBXFrameworksBuildPhase section */
		F82B9F711F0A1FA300175E64 /* Frameworks */ = {
			isa = PBXFrameworksBuildPhase;
			buildActionMask = 2147483647;
			files = (
				F82B9F881F0A205500175E64 /* libglfw.3.2.dylib in Frameworks */,
				F82B9F861F0A201500175E64 /* OpenGL.framework in Frameworks */,
			);
			runOnlyForDeploymentPostprocessing = 0;
		};
/* End PBXFrameworksBuildPhase section */

/* Begin PBXGroup section */
		F82B9F6B1F0A1FA300175E64 = {
			isa = PBXGroup;
			children = (
				F82B9F7F1F0A1FC800175E64 /* src */,
				F82B9F7E1F0A1FBD00175E64 /* Include */,
				F82B9F761F0A1FA300175E64 /* Example */,
				F82B9F751F0A1FA300175E64 /* Products */,
				F82B9F841F0A201500175E64 /* Frameworks */,
			);
			sourceTree = "<group>";
		};
		F82B9F751F0A1FA300175E64 /* Products */ = {
			isa = PBXGroup;
			children = (
				F82B9F741F0A1FA300175E64 /* Example */,
			);
			name = Products;
			sourceTree = "<group>";
		};
		F82B9F761F0A1FA300175E64 /* Example */ = {
			isa = PBXGroup;
			children = (
				F82B9F771F0A1FA300175E64 /* main.cpp */,
			);
			path = Example;
			sourceTree = "<group>";
		};
		F82B9F7E1F0A1FBD00175E64 /* Include */ = {
			isa = PBXGroup;
			children = (
				F82B9F801F0A1FD600175E64 /* glad.h */,
				F82B9F811F0A1FD600175E64 /* khrplatform.h */,
			);
			name = Include;
			sourceTree = "<group>";
		};
		F82B9F7F1F0A1FC800175E64 /* src */ = {
			isa = PBXGroup;
			children = (
				F82B9F821F0A1FDC00175E64 /* glad.c */,
			);
			name = src;
			sourceTree = "<group>";
		};
		F82B9F841F0A201500175E64 /* Frameworks */ = {
			isa = PBXGroup;
			children = (
				F82B9F871F0A205500175E64 /* libglfw.3.2.dylib */,
				F82B9F851F0A201500175E64 /* OpenGL.framework */,
			);
			name = Frameworks;
			sourceTree = "<group>";
		};
/* End PBXGroup section */

/* Begin PBXNativeTarget section */
		F82B9F731F0A1FA300175E64 /* Example */ = {
			isa = PBXNativeTarget;
			buildConfigurationList = F82B9F7B1F0A1FA300175E64 /* Build configuration list for PBXNativeTarget "Example" */;
			buildPhases = (
				F82B9F701F0A1FA300175E64 /* Sources */,
				F82B9F711F0A1FA300175E64 /* Frameworks */,
				F82B9F721F0A1FA300175E64 /* CopyFiles */,
			);
			buildRules = (
			);
			dependencies = (
			);
			name = Example;
			productName = Example;
			productReference = F82B9F741F0A1FA300175E64 /* Example */;
			productType = "com.apple.product-type.tool";
		};
/* End PBXNativeTarget section */

/* Begin PBXProject section */
		F82B9F6C1F0A1FA300175E64 /* Project object */ = {
			isa = PBXProject;
			attributes = {
				LastUpgradeCheck = 0830;
				ORGANIZATIONNAME = Orient;
				TargetAttributes = {
					F82B9F731F0A1FA300175E64 = {
						CreatedOnToolsVersion = 8.3.3;
						DevelopmentTeam = JP69ENXV8L;
						ProvisioningStyle = Automatic;
					};
				};
			};
			buildConfigurationList = F82B9F6F1F0A1FA300175E64 /* Build configuration list for PBXProject "Example" */;
			compatibilityVersion = "Xcode 3.2";
			developmentRegion = English;
			hasScannedForEncodings = 0;
			knownRegions = (
				en,
			);
			mainGroup = F82B9F6B1F0A1FA300175E64;
			productRefGroup = F82B9F751F0A1FA300175E64 /* Products */;
			projectDirPath = "";
			projectRoot = "";
			targets = (
				F82B9F731F0A1FA300175E64 /* Example */,
			);
		};
/* End PBXProject section */

/* Begin PBXSourcesBuildPhase section */
		F82B9F701F0A1FA300175E64 /* Sources */ = {
			isa = PBXSourcesBuildPhase;
			buildActionMask = 2147483647;
			files = (
				F82B9F781F0A1FA300175E64 /* main.cpp in Sources */,
				F82B9F831F0A1FDC00175E64 /* glad.c in Sources */,
			);
			runOnlyForDeploymentPostprocessing = 0;
		};
/* End PBXSourcesBuildPhase section */

/* Begin XCBuildConfiguration section */
		F82B9F791F0A1FA300175E64 /* Debug */ = {
			isa = XCBuildConfiguration;
			buildSettings = {
				ALWAYS_SEARCH_USER_PATHS = NO;
				CLANG_ANALYZER_NONNULL = YES;
				CLANG_ANALYZER_NUMBER_OBJECT_CONVERSION = YES_AGGRESSIVE;
				CLANG_CXX_LANGUAGE_STANDARD = "gnu++0x";
				CLANG_CXX_LIBRARY = "libc++";
				CLANG_ENABLE_MODULES = YES;
				CLANG_ENABLE_OBJC_ARC = YES;
				CLANG_WARN_BOOL_CONVERSION = YES;
				CLANG_WARN_CONSTANT_CONVERSION = YES;
				CLANG_WARN_DIRECT_OBJC_ISA_USAGE = YES_ERROR;
				CLANG_WARN_DOCUMENTATION_COMMENTS = YES;
				CLANG_WARN_EMPTY_BODY = YES;
				CLANG_WARN_ENUM_CONVERSION = YES;
				CLANG_WARN_INFINITE_RECURSION = YES;
				CLANG_WARN_INT_CONVERSION = YES;
				CLANG_WARN_OBJC_ROOT_CLASS = YES_ERROR;
				CLANG_WARN_SUSPICIOUS_MOVE = YES;
				CLANG_WARN_UNREACHABLE_CODE = YES;
				CLANG_WARN__DUPLICATE_METHOD_MATCH = YES;
				CODE_SIGN_IDENTITY = "-";
				COPY_PHASE_STRIP = NO;
				DEBUG_INFORMATION_FORMAT = dwarf;
				ENABLE_STRICT_OBJC_MSGSEND = YES;
				ENABLE_TESTABILITY = YES;
				GCC_C_LANGUAGE_STANDARD = gnu99;
				GCC_DYNAMIC_NO_PIC = NO;
				GCC_NO_COMMON_BLOCKS = YES;
				GCC_OPTIMIZATION_LEVEL = 0;
				GCC_PREPROCESSOR_DEFINITIONS = (
					"DEBUG=1",
					"$(inherited)",
				);
				GCC_WARN_64_TO_32_BIT_CONVERSION = YES;
				GCC_WARN_ABOUT_RETURN_TYPE = YES_ERROR;
				GCC_WARN_UNDECLARED_SELECTOR = YES;
				GCC_WARN_UNINITIALIZED_AUTOS = YES_AGGRESSIVE;
				GCC_WARN_UNUSED_FUNCTION = YES;
				GCC_WARN_UNUSED_VARIABLE = YES;
				MACOSX_DEPLOYMENT_TARGET = 10.12;
				MTL_ENABLE_DEBUG_INFO = YES;
				ONLY_ACTIVE_ARCH = YES;
				SDKROOT = macosx;
			};
			name = Debug;
		};
		F82B9F7A1F0A1FA300175E64 /* Release */ = {
			isa = XCBuildConfiguration;
			buildSettings = {
				ALWAYS_SEARCH_USER_PATHS = NO;
				CLANG_ANALYZER_NONNULL = YES;
				CLANG_ANALYZER_NUMBER_OBJECT_CONVERSION = YES_AGGRESSIVE;
				CLANG_CXX_LANGUAGE_STANDARD = "gnu++0x";
				CLANG_CXX_LIBRARY = "libc++";
				CLANG_ENABLE_MODULES = YES;
				CLANG_ENABLE_OBJC_ARC = YES;
				CLANG_WARN_BOOL_CONVERSION = YES;
				CLANG_WARN_CONSTANT_CONVERSION = YES;
				CLANG_WARN_DIRECT_OBJC_ISA_USAGE = YES_ERROR;
				CLANG_WARN_DOCUMENTATION_COMMENTS = YES;
				CLANG_WARN_EMPTY_BODY = YES;
				CLANG_WARN_ENUM_CONVERSION = YES;
				CLANG_WARN_INFINITE_RECURSION = YES;
				CLANG_WARN_INT_CONVERSION = YES;
				CLANG_WARN_OBJC_ROOT_CLASS = YES_ERROR;
				CLANG_WARN_SUSPICIOUS_MOVE = YES;
				CLANG_WARN_UNREACHABLE_CODE = YES;
				CLANG_WARN__DUPLICATE_METHOD_MATCH = YES;
				CODE_SIGN_IDENTITY = "-";
				COPY_PHASE_STRIP = NO;
				DEBUG_INFORMATION_FORMAT = "dwarf-with-dsym";
				ENABLE_NS_ASSERTIONS = NO;
				ENABLE_STRICT_OBJC_MSGSEND = YES;
				GCC_C_LANGUAGE_STANDARD = gnu99;
				GCC_NO_COMMON_BLOCKS = YES;
				GCC_WARN_64_TO_32_BIT_CONVERSION = YES;
				GCC_WARN_ABOUT_RETURN_TYPE = YES_ERROR;
				GCC_WARN_UNDECLARED_SELECTOR = YES;
				GCC_WARN_UNINITIALIZED_AUTOS = YES_AGGRESSIVE;
				GCC_WARN_UNUSED_FUNCTION = YES;
				GCC_WARN_UNUSED_VARIABLE = YES;
				MACOSX_DEPLOYMENT_TARGET = 10.12;
				MTL_ENABLE_DEBUG_INFO = NO;
				SDKROOT = macosx;
			};
			name = Release;
		};
		F82B9F7C1F0A1FA300175E64 /* Debug */ = {
			isa = XCBuildConfiguration;
			buildSettings = {
				DEVELOPMENT_TEAM = JP69ENXV8L;
				HEADER_SEARCH_PATHS = "$(glfw_header)";
				LIBRARY_SEARCH_PATHS = (
					"$(glfw_lib)",
					/usr/local/Cellar/glfw/3.2.1/lib,
				);
				PRODUCT_NAME = "$(TARGET_NAME)";
			};
			name = Debug;
		};
		F82B9F7D1F0A1FA300175E64 /* Release */ = {
			isa = XCBuildConfiguration;
			buildSettings = {
				DEVELOPMENT_TEAM = JP69ENXV8L;
				HEADER_SEARCH_PATHS = "$(glfw_header)";
				LIBRARY_SEARCH_PATHS = (
					"$(glfw_lib)",
					/usr/local/Cellar/glfw/3.2.1/lib,
				);
				PRODUCT_NAME = "$(TARGET_NAME)";
			};
			name = Release;
		};
/* End XCBuildConfiguration section */

/* Begin XCConfigurationList section */
		F82B9F6F1F0A1FA300175E64 /* Build configuration list for PBXProject "Example" */ = {
			isa = XCConfigurationList;
			buildConfigurations = (
				F82B9F791F0A1FA300175E64 /* Debug */,
				F82B9F7A1F0A1FA300175E64 /* Release */,
			);
			defaultConfigurationIsVisible = 0;
			defaultConfigurationName = Release;
		};
		F82B9F7B1F0A1FA300175E64 /* Build configuration list for PBXNativeTarget "Example" */ = {
			isa = XCConfigurationList;
			buildConfigurations = (
				F82B9F7C1F0A1FA300175E64 /* Debug */,
				F82B9F7D1F0A1FA300175E64 /* Release */,
			);
			defaultConfigurationIsVisible = 0;
		};
/* End XCConfigurationList section */
	};
	rootObject = F82B9F6C1F0A1FA300175E64 /* Project object */;
}
